
Microsoft Visual Studio Solution File, Format Version 12.00
# Visual Studio Version 16
VisualStudioVersion = 16.0.29806.167
MinimumVisualStudioVersion = 10.0.40219.1
Project("{2150E333-8FDC-42A3-9474-1A3956D46DE8}") = "01 - Testes de Unidade", "01 - Testes de Unidade", "{864427A3-8E0E-4F30-A79A-E4F7D62490C9}"
EndProject
Project("{2150E333-8FDC-42A3-9474-1A3956D46DE8}") = "1.1 - Testes Basicos", "1.1 - Testes Basicos", "{F5BB43BB-2400-47B3-B680-D03F21CA6C68}"
EndProject
Project("{9A19103F-16F7-4668-BE54-9A1E7A4F7556}") = "Demo", "01 - Testes de Unidade\Demo\Demo.csproj", "{559A0267-A771-461B-BD93-80F2EB37C826}"
EndProject
Project("{9A19103F-16F7-4668-BE54-9A1E7A4F7556}") = "Demo.tests", "01 - Testes de Unidade\Demo.tests\Demo.tests.csproj", "{12DD6AAD-F3B1-4140-B78E-8382B0CAF6AB}"
EndProject
Project("{2150E333-8FDC-42A3-9474-1A3956D46DE8}") = "2.2 - Features", "2.2 - Features", "{940296A1-0549-401D-B590-034DD9159748}"
EndProject
Project("{9A19103F-16F7-4668-BE54-9A1E7A4F7556}") = "Features", "Features\Features.csproj", "{5F4F5E2C-27A0-4FB3-8F02-D1FCE86A3A93}"
EndProject
Project("{9A19103F-16F7-4668-BE54-9A1E7A4F7556}") = "Features.Tests", "Features.Tests\Features.Tests.csproj", "{E3A019B2-E028-46F7-8B85-1F42E3F3D29C}"
EndProject
Project("{9A19103F-16F7-4668-BE54-9A1E7A4F7556}") = "NerdStore.Vendas.Domain", "02 - TDD\src\NerdStore.Vendas.Domain\NerdStore.Vendas.Domain.csproj", "{3ED6ADE2-52D7-4790-95B5-43F689884E61}"
EndProject
Project("{2150E333-8FDC-42A3-9474-1A3956D46DE8}") = "TDD", "TDD", "{2305AAAA-8EA0-4C0B-9127-02E9238A6A21}"
EndProject
Project("{9A19103F-16F7-4668-BE54-9A1E7A4F7556}") = "NerdStore.Vendas.Application.Tests", "02 - TDD\tests\NerdStore.Vendas.Application.Tests\NerdStore.Vendas.Application.Tests.csproj", "{6843DD6A-8BBD-4F1E-8812-5A379DA7F196}"
EndProject
Project("{9A19103F-16F7-4668-BE54-9A1E7A4F7556}") = "NerdStore.Vendas.Domain.Tests", "02 - TDD\tests\NerdStore.Vendas.Domain.Tests\NerdStore.Vendas.Domain.Tests.csproj", "{3AE424FD-756D-4E62-B5C6-D0CC9F428972}"
EndProject
Project("{2150E333-8FDC-42A3-9474-1A3956D46DE8}") = "Tests", "Tests", "{800017D4-1284-4A08-81CD-94855B40D060}"
EndProject
Project("{FAE04EC0-301F-11D3-BF4B-00C04F79EFBC}") = "NerdStore.Core", "02 - TDD\src\NerdStore.Core\NerdStore.Core.csproj", "{2C2FA402-81BB-4EAD-A7B5-FE269F67CE16}"
EndProject
Global
	GlobalSection(SolutionConfigurationPlatforms) = preSolution
		Debug|Any CPU = Debug|Any CPU
		Release|Any CPU = Release|Any CPU
	EndGlobalSection
	GlobalSection(ProjectConfigurationPlatforms) = postSolution
		{559A0267-A771-461B-BD93-80F2EB37C826}.Debug|Any CPU.ActiveCfg = Debug|Any CPU
		{559A0267-A771-461B-BD93-80F2EB37C826}.Debug|Any CPU.Build.0 = Debug|Any CPU
		{559A0267-A771-461B-BD93-80F2EB37C826}.Release|Any CPU.ActiveCfg = Release|Any CPU
		{559A0267-A771-461B-BD93-80F2EB37C826}.Release|Any CPU.Build.0 = Release|Any CPU
		{12DD6AAD-F3B1-4140-B78E-8382B0CAF6AB}.Debug|Any CPU.ActiveCfg = Debug|Any CPU
		{12DD6AAD-F3B1-4140-B78E-8382B0CAF6AB}.Debug|Any CPU.Build.0 = Debug|Any CPU
		{12DD6AAD-F3B1-4140-B78E-8382B0CAF6AB}.Release|Any CPU.ActiveCfg = Release|Any CPU
		{12DD6AAD-F3B1-4140-B78E-8382B0CAF6AB}.Release|Any CPU.Build.0 = Release|Any CPU
		{5F4F5E2C-27A0-4FB3-8F02-D1FCE86A3A93}.Debug|Any CPU.ActiveCfg = Debug|Any CPU
		{5F4F5E2C-27A0-4FB3-8F02-D1FCE86A3A93}.Debug|Any CPU.Build.0 = Debug|Any CPU
		{5F4F5E2C-27A0-4FB3-8F02-D1FCE86A3A93}.Release|Any CPU.ActiveCfg = Release|Any CPU
		{5F4F5E2C-27A0-4FB3-8F02-D1FCE86A3A93}.Release|Any CPU.Build.0 = Release|Any CPU
		{E3A019B2-E028-46F7-8B85-1F42E3F3D29C}.Debug|Any CPU.ActiveCfg = Debug|Any CPU
		{E3A019B2-E028-46F7-8B85-1F42E3F3D29C}.Debug|Any CPU.Build.0 = Debug|Any CPU
		{E3A019B2-E028-46F7-8B85-1F42E3F3D29C}.Release|Any CPU.ActiveCfg = Release|Any CPU
		{E3A019B2-E028-46F7-8B85-1F42E3F3D29C}.Release|Any CPU.Build.0 = Release|Any CPU
		{3ED6ADE2-52D7-4790-95B5-43F689884E61}.Debug|Any CPU.ActiveCfg = Debug|Any CPU
		{3ED6ADE2-52D7-4790-95B5-43F689884E61}.Debug|Any CPU.Build.0 = Debug|Any CPU
		{3ED6ADE2-52D7-4790-95B5-43F689884E61}.Release|Any CPU.ActiveCfg = Release|Any CPU
		{3ED6ADE2-52D7-4790-95B5-43F689884E61}.Release|Any CPU.Build.0 = Release|Any CPU
		{6843DD6A-8BBD-4F1E-8812-5A379DA7F196}.Debug|Any CPU.ActiveCfg = Debug|Any CPU
		{6843DD6A-8BBD-4F1E-8812-5A379DA7F196}.Debug|Any CPU.Build.0 = Debug|Any CPU
		{6843DD6A-8BBD-4F1E-8812-5A379DA7F196}.Release|Any CPU.ActiveCfg = Release|Any CPU
		{6843DD6A-8BBD-4F1E-8812-5A379DA7F196}.Release|Any CPU.Build.0 = Release|Any CPU
		{3AE424FD-756D-4E62-B5C6-D0CC9F428972}.Debug|Any CPU.ActiveCfg = Debug|Any CPU
		{3AE424FD-756D-4E62-B5C6-D0CC9F428972}.Debug|Any CPU.Build.0 = Debug|Any CPU
		{3AE424FD-756D-4E62-B5C6-D0CC9F428972}.Release|Any CPU.ActiveCfg = Release|Any CPU
		{3AE424FD-756D-4E62-B5C6-D0CC9F428972}.Release|Any CPU.Build.0 = Release|Any CPU
		{2C2FA402-81BB-4EAD-A7B5-FE269F67CE16}.Debug|Any CPU.ActiveCfg = Debug|Any CPU
		{2C2FA402-81BB-4EAD-A7B5-FE269F67CE16}.Debug|Any CPU.Build.0 = Debug|Any CPU
		{2C2FA402-81BB-4EAD-A7B5-FE269F67CE16}.Release|Any CPU.ActiveCfg = Release|Any CPU
		{2C2FA402-81BB-4EAD-A7B5-FE269F67CE16}.Release|Any CPU.Build.0 = Release|Any CPU
	EndGlobalSection
	GlobalSection(SolutionProperties) = preSolution
		HideSolutionNode = FALSE
	EndGlobalSection
	GlobalSection(NestedProjects) = preSolution
		{F5BB43BB-2400-47B3-B680-D03F21CA6C68} = {864427A3-8E0E-4F30-A79A-E4F7D62490C9}
		{559A0267-A771-461B-BD93-80F2EB37C826} = {F5BB43BB-2400-47B3-B680-D03F21CA6C68}
		{12DD6AAD-F3B1-4140-B78E-8382B0CAF6AB} = {F5BB43BB-2400-47B3-B680-D03F21CA6C68}
		{940296A1-0549-401D-B590-034DD9159748} = {864427A3-8E0E-4F30-A79A-E4F7D62490C9}
		{5F4F5E2C-27A0-4FB3-8F02-D1FCE86A3A93} = {940296A1-0549-401D-B590-034DD9159748}
		{E3A019B2-E028-46F7-8B85-1F42E3F3D29C} = {940296A1-0549-401D-B590-034DD9159748}
		{3ED6ADE2-52D7-4790-95B5-43F689884E61} = {2305AAAA-8EA0-4C0B-9127-02E9238A6A21}
		{6843DD6A-8BBD-4F1E-8812-5A379DA7F196} = {800017D4-1284-4A08-81CD-94855B40D060}
		{3AE424FD-756D-4E62-B5C6-D0CC9F428972} = {800017D4-1284-4A08-81CD-94855B40D060}
		{800017D4-1284-4A08-81CD-94855B40D060} = {2305AAAA-8EA0-4C0B-9127-02E9238A6A21}
		{2C2FA402-81BB-4EAD-A7B5-FE269F67CE16} = {2305AAAA-8EA0-4C0B-9127-02E9238A6A21}
	EndGlobalSection
	GlobalSection(ExtensibilityGlobals) = postSolution
		SolutionGuid = {73E67055-A014-4508-A99A-D777C4CC6350}
	EndGlobalSection
EndGlobal
